// !$*UTF8*$!
{
	archiveVersion = 1;
	classes = {
	};
	objectVersion = 56;
	objects = {

/* Begin PBXBuildFile section */
		37A31C692AEEE24600124837 /* NotesRepository.swift in Sources */ = {isa = PBXBuildFile; fileRef = 37A31C682AEEE24600124837 /* NotesRepository.swift */; };
		37A31C6B2AEF9CF300124837 /* Dependencies.swift in Sources */ = {isa = PBXBuildFile; fileRef = 37A31C6A2AEF9CF300124837 /* Dependencies.swift */; };
		37BD2E8F2AEEA48C00D70090 /* ToDo_SwiftDataApp.swift in Sources */ = {isa = PBXBuildFile; fileRef = 37BD2E8E2AEEA48C00D70090 /* ToDo_SwiftDataApp.swift */; };
		37BD2E912AEEA48C00D70090 /* ContentView.swift in Sources */ = {isa = PBXBuildFile; fileRef = 37BD2E902AEEA48C00D70090 /* ContentView.swift */; };
		37BD2E932AEEA48C00D70090 /* Item.swift in Sources */ = {isa = PBXBuildFile; fileRef = 37BD2E922AEEA48C00D70090 /* Item.swift */; };
		37BD2E952AEEA48D00D70090 /* Assets.xcassets in Resources */ = {isa = PBXBuildFile; fileRef = 37BD2E942AEEA48D00D70090 /* Assets.xcassets */; };
		37BD2E982AEEA48D00D70090 /* Preview Assets.xcassets in Resources */ = {isa = PBXBuildFile; fileRef = 37BD2E972AEEA48D00D70090 /* Preview Assets.xcassets */; };
		37BD2EA52AEEA79000D70090 /* Note.swift in Sources */ = {isa = PBXBuildFile; fileRef = 37BD2EA42AEEA79000D70090 /* Note.swift */; };
/* End PBXBuildFile section */

/* Begin PBXFileReference section */
		37A31C682AEEE24600124837 /* NotesRepository.swift */ = {isa = PBXFileReference; lastKnownFileType = sourcecode.swift; path = NotesRepository.swift; sourceTree = "<group>"; };
		37A31C6A2AEF9CF300124837 /* Dependencies.swift */ = {isa = PBXFileReference; lastKnownFileType = sourcecode.swift; path = Dependencies.swift; sourceTree = "<group>"; };
		37BD2E8B2AEEA48C00D70090 /* ToDo-SwiftData.app */ = {isa = PBXFileReference; explicitFileType = wrapper.application; includeInIndex = 0; path = "ToDo-SwiftData.app"; sourceTree = BUILT_PRODUCTS_DIR; };
		37BD2E8E2AEEA48C00D70090 /* ToDo_SwiftDataApp.swift */ = {isa = PBXFileReference; lastKnownFileType = sourcecode.swift; path = ToDo_SwiftDataApp.swift; sourceTree = "<group>"; };
		37BD2E902AEEA48C00D70090 /* ContentView.swift */ = {isa = PBXFileReference; lastKnownFileType = sourcecode.swift; path = ContentView.swift; sourceTree = "<group>"; };
		37BD2E922AEEA48C00D70090 /* Item.swift */ = {isa = PBXFileReference; lastKnownFileType = sourcecode.swift; path = Item.swift; sourceTree = "<group>"; };
		37BD2E942AEEA48D00D70090 /* Assets.xcassets */ = {isa = PBXFileReference; lastKnownFileType = folder.assetcatalog; path = Assets.xcassets; sourceTree = "<group>"; };
		37BD2E972AEEA48D00D70090 /* Preview Assets.xcassets */ = {isa = PBXFileReference; lastKnownFileType = folder.assetcatalog; path = "Preview Assets.xcassets"; sourceTree = "<group>"; };
		37BD2EA02AEEA4B700D70090 /* TASK.md */ = {isa = PBXFileReference; lastKnownFileType = net.daringfireball.markdown; path = TASK.md; sourceTree = "<group>"; };
		37BD2EA42AEEA79000D70090 /* Note.swift */ = {isa = PBXFileReference; lastKnownFileType = sourcecode.swift; path = Note.swift; sourceTree = "<group>"; };
/* End PBXFileReference section */

/* Begin PBXFrameworksBuildPhase section */
		37BD2E882AEEA48C00D70090 /* Frameworks */ = {
			isa = PBXFrameworksBuildPhase;
			buildActionMask = 2147483647;
			files = (
			);
			runOnlyForDeploymentPostprocessing = 0;
		};
/* End PBXFrameworksBuildPhase section */

/* Begin PBXGroup section */
		37A31C662AEEE23300124837 /* Core */ = {
			isa = PBXGroup;
			children = (
				37A31C672AEEE23B00124837 /* Repositories */,
				37BD2EA12AEEA6EE00D70090 /* Model */,
				37A31C6A2AEF9CF300124837 /* Dependencies.swift */,
			);
			path = Core;
			sourceTree = "<group>";
		};
		37A31C672AEEE23B00124837 /* Repositories */ = {
			isa = PBXGroup;
			children = (
				37A31C682AEEE24600124837 /* NotesRepository.swift */,
			);
			path = Repositories;
			sourceTree = "<group>";
		};
		37BD2E822AEEA48C00D70090 = {
			isa = PBXGroup;
			children = (
				37BD2E8D2AEEA48C00D70090 /* ToDo-SwiftData */,
				37BD2E8C2AEEA48C00D70090 /* Products */,
			);
			sourceTree = "<group>";
		};
		37BD2E8C2AEEA48C00D70090 /* Products */ = {
			isa = PBXGroup;
			children = (
				37BD2E8B2AEEA48C00D70090 /* ToDo-SwiftData.app */,
			);
			name = Products;
			sourceTree = "<group>";
		};
		37BD2E8D2AEEA48C00D70090 /* ToDo-SwiftData */ = {
			isa = PBXGroup;
			children = (
				37A31C662AEEE23300124837 /* Core */,
				37BD2E9F2AEEA4A200D70090 /* App */,
				37BD2E9E2AEEA49D00D70090 /* Resources */,
				37BD2E922AEEA48C00D70090 /* Item.swift */,
				37BD2E962AEEA48D00D70090 /* Preview Content */,
				37BD2EA02AEEA4B700D70090 /* TASK.md */,
			);
			path = "ToDo-SwiftData";
			sourceTree = "<group>";
		};
		37BD2E962AEEA48D00D70090 /* Preview Content */ = {
			isa = PBXGroup;
			children = (
				37BD2E972AEEA48D00D70090 /* Preview Assets.xcassets */,
			);
			path = "Preview Content";
			sourceTree = "<group>";
		};
		37BD2E9E2AEEA49D00D70090 /* Resources */ = {
			isa = PBXGroup;
			children = (
				37BD2E942AEEA48D00D70090 /* Assets.xcassets */,
			);
			path = Resources;
			sourceTree = "<group>";
		};
		37BD2E9F2AEEA4A200D70090 /* App */ = {
			isa = PBXGroup;
			children = (
				37BD2E902AEEA48C00D70090 /* ContentView.swift */,
				37BD2E8E2AEEA48C00D70090 /* ToDo_SwiftDataApp.swift */,
			);
			path = App;
			sourceTree = "<group>";
		};
		37BD2EA12AEEA6EE00D70090 /* Model */ = {
			isa = PBXGroup;
			children = (
				37BD2EA42AEEA79000D70090 /* Note.swift */,
			);
			path = Model;
			sourceTree = "<group>";
		};
/* End PBXGroup section */

/* Begin PBXNativeTarget section */
		37BD2E8A2AEEA48C00D70090 /* ToDo-SwiftData */ = {
			isa = PBXNativeTarget;
			buildConfigurationList = 37BD2E9B2AEEA48D00D70090 /* Build configuration list for PBXNativeTarget "ToDo-SwiftData" */;
			buildPhases = (
				37BD2E872AEEA48C00D70090 /* Sources */,
				37BD2E882AEEA48C00D70090 /* Frameworks */,
				37BD2E892AEEA48C00D70090 /* Resources */,
			);
			buildRules = (
			);
			dependencies = (
			);
			name = "ToDo-SwiftData";
			productName = "ToDo-SwiftData";
			productReference = 37BD2E8B2AEEA48C00D70090 /* ToDo-SwiftData.app */;
			productType = "com.apple.product-type.application";
		};
/* End PBXNativeTarget section */

/* Begin PBXProject section */
		37BD2E832AEEA48C00D70090 /* Project object */ = {
			isa = PBXProject;
			attributes = {
				BuildIndependentTargetsInParallel = 1;
				LastSwiftUpdateCheck = 1500;
				LastUpgradeCheck = 1500;
				TargetAttributes = {
					37BD2E8A2AEEA48C00D70090 = {
						CreatedOnToolsVersion = 15.0.1;
					};
				};
			};
			buildConfigurationList = 37BD2E862AEEA48C00D70090 /* Build configuration list for PBXProject "ToDo-SwiftData" */;
			compatibilityVersion = "Xcode 14.0";
			developmentRegion = en;
			hasScannedForEncodings = 0;
			knownRegions = (
				en,
				Base,
			);
			mainGroup = 37BD2E822AEEA48C00D70090;
			productRefGroup = 37BD2E8C2AEEA48C00D70090 /* Products */;
			projectDirPath = "";
			projectRoot = "";
			targets = (
				37BD2E8A2AEEA48C00D70090 /* ToDo-SwiftData */,
			);
		};
/* End PBXProject section */

/* Begin PBXResourcesBuildPhase section */
		37BD2E892AEEA48C00D70090 /* Resources */ = {
			isa = PBXResourcesBuildPhase;
			buildActionMask = 2147483647;
			files = (
				37BD2E982AEEA48D00D70090 /* Preview Assets.xcassets in Resources */,
				37BD2E952AEEA48D00D70090 /* Assets.xcassets in Resources */,
			);
			runOnlyForDeploymentPostprocessing = 0;
		};
/* End PBXResourcesBuildPhase section */

/* Begin PBXSourcesBuildPhase section */
		37BD2E872AEEA48C00D70090 /* Sources */ = {
			isa = PBXSourcesBuildPhase;
			buildActionMask = 2147483647;
			files = (
				37A31C6B2AEF9CF300124837 /* Dependencies.swift in Sources */,
				37BD2EA52AEEA79000D70090 /* Note.swift in Sources */,
				37BD2E912AEEA48C00D70090 /* ContentView.swift in Sources */,
				37BD2E932AEEA48C00D70090 /* Item.swift in Sources */,
				37BD2E8F2AEEA48C00D70090 /* ToDo_SwiftDataApp.swift in Sources */,
				37A31C692AEEE24600124837 /* NotesRepository.swift in Sources */,
			);
			runOnlyForDeploymentPostprocessing = 0;
		};
/* End PBXSourcesBuildPhase section */

/* Begin XCBuildConfiguration section */
		37BD2E992AEEA48D00D70090 /* Debug */ = {
			isa = XCBuildConfiguration;
			buildSettings = {
				ALWAYS_SEARCH_USER_PATHS = NO;
				ASSETCATALOG_COMPILER_GENERATE_SWIFT_ASSET_SYMBOL_EXTENSIONS = YES;
				CLANG_ANALYZER_NONNULL = YES;
				CLANG_ANALYZER_NUMBER_OBJECT_CONVERSION = YES_AGGRESSIVE;
				CLANG_CXX_LANGUAGE_STANDARD = "gnu++20";
				CLANG_ENABLE_MODULES = YES;
				CLANG_ENABLE_OBJC_ARC = YES;
				CLANG_ENABLE_OBJC_WEAK = YES;
				CLANG_WARN_BLOCK_CAPTURE_AUTORELEASING = YES;
				CLANG_WARN_BOOL_CONVERSION = YES;
				CLANG_WARN_COMMA = YES;
				CLANG_WARN_CONSTANT_CONVERSION = YES;
				CLANG_WARN_DEPRECATED_OBJC_IMPLEMENTATIONS = YES;
				CLANG_WARN_DIRECT_OBJC_ISA_USAGE = YES_ERROR;
				CLANG_WARN_DOCUMENTATION_COMMENTS = YES;
				CLANG_WARN_EMPTY_BODY = YES;
				CLANG_WARN_ENUM_CONVERSION = YES;
				CLANG_WARN_INFINITE_RECURSION = YES;
				CLANG_WARN_INT_CONVERSION = YES;
				CLANG_WARN_NON_LITERAL_NULL_CONVERSION = YES;
				CLANG_WARN_OBJC_IMPLICIT_RETAIN_SELF = YES;
				CLANG_WARN_OBJC_LITERAL_CONVERSION = YES;
				CLANG_WARN_OBJC_ROOT_CLASS = YES_ERROR;
				CLANG_WARN_QUOTED_INCLUDE_IN_FRAMEWORK_HEADER = YES;
				CLANG_WARN_RANGE_LOOP_ANALYSIS = YES;
				CLANG_WARN_STRICT_PROTOTYPES = YES;
				CLANG_WARN_SUSPICIOUS_MOVE = YES;
				CLANG_WARN_UNGUARDED_AVAILABILITY = YES_AGGRESSIVE;
				CLANG_WARN_UNREACHABLE_CODE = YES;
				CLANG_WARN__DUPLICATE_METHOD_MATCH = YES;
				COPY_PHASE_STRIP = NO;
				DEBUG_INFORMATION_FORMAT = dwarf;
				ENABLE_STRICT_OBJC_MSGSEND = YES;
				ENABLE_TESTABILITY = YES;
				ENABLE_USER_SCRIPT_SANDBOXING = YES;
				GCC_C_LANGUAGE_STANDARD = gnu17;
				GCC_DYNAMIC_NO_PIC = NO;
				GCC_NO_COMMON_BLOCKS = YES;
				GCC_OPTIMIZATION_LEVEL = 0;
				GCC_PREPROCESSOR_DEFINITIONS = (
					"DEBUG=1",
					"$(inherited)",
				);
				GCC_WARN_64_TO_32_BIT_CONVERSION = YES;
				GCC_WARN_ABOUT_RETURN_TYPE = YES_ERROR;
				GCC_WARN_UNDECLARED_SELECTOR = YES;
				GCC_WARN_UNINITIALIZED_AUTOS = YES_AGGRESSIVE;
				GCC_WARN_UNUSED_FUNCTION = YES;
				GCC_WARN_UNUSED_VARIABLE = YES;
				IPHONEOS_DEPLOYMENT_TARGET = 17.0;
				LOCALIZATION_PREFERS_STRING_CATALOGS = YES;
				MTL_ENABLE_DEBUG_INFO = INCLUDE_SOURCE;
				MTL_FAST_MATH = YES;
				ONLY_ACTIVE_ARCH = YES;
				SDKROOT = iphoneos;
				SWIFT_ACTIVE_COMPILATION_CONDITIONS = "DEBUG $(inherited)";
				SWIFT_OPTIMIZATION_LEVEL = "-Onone";
			};
			name = Debug;
		};
		37BD2E9A2AEEA48D00D70090 /* Release */ = {
			isa = XCBuildConfiguration;
			buildSettings = {
				ALWAYS_SEARCH_USER_PATHS = NO;
				ASSETCATALOG_COMPILER_GENERATE_SWIFT_ASSET_SYMBOL_EXTENSIONS = YES;
				CLANG_ANALYZER_NONNULL = YES;
				CLANG_ANALYZER_NUMBER_OBJECT_CONVERSION = YES_AGGRESSIVE;
				CLANG_CXX_LANGUAGE_STANDARD = "gnu++20";
				CLANG_ENABLE_MODULES = YES;
				CLANG_ENABLE_OBJC_ARC = YES;
				CLANG_ENABLE_OBJC_WEAK = YES;
				CLANG_WARN_BLOCK_CAPTURE_AUTORELEASING = YES;
				CLANG_WARN_BOOL_CONVERSION = YES;
				CLANG_WARN_COMMA = YES;
				CLANG_WARN_CONSTANT_CONVERSION = YES;
				CLANG_WARN_DEPRECATED_OBJC_IMPLEMENTATIONS = YES;
				CLANG_WARN_DIRECT_OBJC_ISA_USAGE = YES_ERROR;
				CLANG_WARN_DOCUMENTATION_COMMENTS = YES;
				CLANG_WARN_EMPTY_BODY = YES;
				CLANG_WARN_ENUM_CONVERSION = YES;
				CLANG_WARN_INFINITE_RECURSION = YES;
				CLANG_WARN_INT_CONVERSION = YES;
				CLANG_WARN_NON_LITERAL_NULL_CONVERSION = YES;
				CLANG_WARN_OBJC_IMPLICIT_RETAIN_SELF = YES;
				CLANG_WARN_OBJC_LITERAL_CONVERSION = YES;
				CLANG_WARN_OBJC_ROOT_CLASS = YES_ERROR;
				CLANG_WARN_QUOTED_INCLUDE_IN_FRAMEWORK_HEADER = YES;
				CLANG_WARN_RANGE_LOOP_ANALYSIS = YES;
				CLANG_WARN_STRICT_PROTOTYPES = YES;
				CLANG_WARN_SUSPICIOUS_MOVE = YES;
				CLANG_WARN_UNGUARDED_AVAILABILITY = YES_AGGRESSIVE;
				CLANG_WARN_UNREACHABLE_CODE = YES;
				CLANG_WARN__DUPLICATE_METHOD_MATCH = YES;
				COPY_PHASE_STRIP = NO;
				DEBUG_INFORMATION_FORMAT = "dwarf-with-dsym";
				ENABLE_NS_ASSERTIONS = NO;
				ENABLE_STRICT_OBJC_MSGSEND = YES;
				ENABLE_USER_SCRIPT_SANDBOXING = YES;
				GCC_C_LANGUAGE_STANDARD = gnu17;
				GCC_NO_COMMON_BLOCKS = YES;
				GCC_WARN_64_TO_32_BIT_CONVERSION = YES;
				GCC_WARN_ABOUT_RETURN_TYPE = YES_ERROR;
				GCC_WARN_UNDECLARED_SELECTOR = YES;
				GCC_WARN_UNINITIALIZED_AUTOS = YES_AGGRESSIVE;
				GCC_WARN_UNUSED_FUNCTION = YES;
				GCC_WARN_UNUSED_VARIABLE = YES;
				IPHONEOS_DEPLOYMENT_TARGET = 17.0;
				LOCALIZATION_PREFERS_STRING_CATALOGS = YES;
				MTL_ENABLE_DEBUG_INFO = NO;
				MTL_FAST_MATH = YES;
				SDKROOT = iphoneos;
				SWIFT_COMPILATION_MODE = wholemodule;
				VALIDATE_PRODUCT = YES;
			};
			name = Release;
		};
		37BD2E9C2AEEA48D00D70090 /* Debug */ = {
			isa = XCBuildConfiguration;
			buildSettings = {
				ASSETCATALOG_COMPILER_APPICON_NAME = AppIcon;
				ASSETCATALOG_COMPILER_GLOBAL_ACCENT_COLOR_NAME = AccentColor;
				CODE_SIGN_STYLE = Automatic;
				CURRENT_PROJECT_VERSION = 1;
				DEVELOPMENT_ASSET_PATHS = "\"ToDo-SwiftData/Preview Content\"";
				DEVELOPMENT_TEAM = YFG2MB6B8G;
				ENABLE_PREVIEWS = YES;
				GENERATE_INFOPLIST_FILE = YES;
				INFOPLIST_KEY_UIApplicationSceneManifest_Generation = YES;
				INFOPLIST_KEY_UIApplicationSupportsIndirectInputEvents = YES;
				INFOPLIST_KEY_UILaunchScreen_Generation = YES;
				INFOPLIST_KEY_UISupportedInterfaceOrientations_iPad = "UIInterfaceOrientationPortrait UIInterfaceOrientationPortraitUpsideDown UIInterfaceOrientationLandscapeLeft UIInterfaceOrientationLandscapeRight";
				INFOPLIST_KEY_UISupportedInterfaceOrientations_iPhone = "UIInterfaceOrientationPortrait UIInterfaceOrientationLandscapeLeft UIInterfaceOrientationLandscapeRight";
				LD_RUNPATH_SEARCH_PATHS = (
					"$(inherited)",
					"@executable_path/Frameworks",
				);
				MARKETING_VERSION = 1.0;
				PRODUCT_BUNDLE_IDENTIFIER = "com.den444ick.ToDo-SwiftData";
				PRODUCT_NAME = "$(TARGET_NAME)";
				SWIFT_EMIT_LOC_STRINGS = YES;
				SWIFT_VERSION = 5.0;
				TARGETED_DEVICE_FAMILY = "1,2";
			};
			name = Debug;
		};
		37BD2E9D2AEEA48D00D70090 /* Release */ = {
			isa = XCBuildConfiguration;
			buildSettings = {
				ASSETCATALOG_COMPILER_APPICON_NAME = AppIcon;
				ASSETCATALOG_COMPILER_GLOBAL_ACCENT_COLOR_NAME = AccentColor;
				CODE_SIGN_STYLE = Automatic;
				CURRENT_PROJECT_VERSION = 1;
				DEVELOPMENT_ASSET_PATHS = "\"ToDo-SwiftData/Preview Content\"";
				DEVELOPMENT_TEAM = YFG2MB6B8G;
				ENABLE_PREVIEWS = YES;
				GENERATE_INFOPLIST_FILE = YES;
				INFOPLIST_KEY_UIApplicationSceneManifest_Generation = YES;
				INFOPLIST_KEY_UIApplicationSupportsIndirectInputEvents = YES;
				INFOPLIST_KEY_UILaunchScreen_Generation = YES;
				INFOPLIST_KEY_UISupportedInterfaceOrientations_iPad = "UIInterfaceOrientationPortrait UIInterfaceOrientationPortraitUpsideDown UIInterfaceOrientationLandscapeLeft UIInterfaceOrientationLandscapeRight";
				INFOPLIST_KEY_UISupportedInterfaceOrientations_iPhone = "UIInterfaceOrientationPortrait UIInterfaceOrientationLandscapeLeft UIInterfaceOrientationLandscapeRight";
				LD_RUNPATH_SEARCH_PATHS = (
					"$(inherited)",
					"@executable_path/Frameworks",
				);
				MARKETING_VERSION = 1.0;
				PRODUCT_BUNDLE_IDENTIFIER = "com.den444ick.ToDo-SwiftData";
				PRODUCT_NAME = "$(TARGET_NAME)";
				SWIFT_EMIT_LOC_STRINGS = YES;
				SWIFT_VERSION = 5.0;
				TARGETED_DEVICE_FAMILY = "1,2";
			};
			name = Release;
		};
/* End XCBuildConfiguration section */

/* Begin XCConfigurationList section */
		37BD2E862AEEA48C00D70090 /* Build configuration list for PBXProject "ToDo-SwiftData" */ = {
			isa = XCConfigurationList;
			buildConfigurations = (
				37BD2E992AEEA48D00D70090 /* Debug */,
				37BD2E9A2AEEA48D00D70090 /* Release */,
			);
			defaultConfigurationIsVisible = 0;
			defaultConfigurationName = Release;
		};
		37BD2E9B2AEEA48D00D70090 /* Build configuration list for PBXNativeTarget "ToDo-SwiftData" */ = {
			isa = XCConfigurationList;
			buildConfigurations = (
				37BD2E9C2AEEA48D00D70090 /* Debug */,
				37BD2E9D2AEEA48D00D70090 /* Release */,
			);
			defaultConfigurationIsVisible = 0;
			defaultConfigurationName = Release;
		};
/* End XCConfigurationList section */
	};
	rootObject = 37BD2E832AEEA48C00D70090 /* Project object */;
}
